// !$*UTF8*$!
{
	archiveVersion = 1;
	classes = {
	};
	objectVersion = 50;
	objects = {

/* Begin PBXBuildFile section */
		6EACD1C1238F80A90071C2C0 /* AppDelegate.swift in Sources */ = {isa = PBXBuildFile; fileRef = 6EACD1C0238F80A90071C2C0 /* AppDelegate.swift */; };
		6EACD1C3238F80A90071C2C0 /* SceneDelegate.swift in Sources */ = {isa = PBXBuildFile; fileRef = 6EACD1C2238F80A90071C2C0 /* SceneDelegate.swift */; };
		6EACD1C5238F80A90071C2C0 /* ViewController.swift in Sources */ = {isa = PBXBuildFile; fileRef = 6EACD1C4238F80A90071C2C0 /* ViewController.swift */; };
		6EACD1C8238F80A90071C2C0 /* Main.storyboard in Resources */ = {isa = PBXBuildFile; fileRef = 6EACD1C6238F80A90071C2C0 /* Main.storyboard */; };
		6EACD1CA238F80AB0071C2C0 /* Assets.xcassets in Resources */ = {isa = PBXBuildFile; fileRef = 6EACD1C9238F80AB0071C2C0 /* Assets.xcassets */; };
		6EACD1CD238F80AB0071C2C0 /* LaunchScreen.storyboard in Resources */ = {isa = PBXBuildFile; fileRef = 6EACD1CB238F80AB0071C2C0 /* LaunchScreen.storyboard */; };
		6EACD1D8238F80AB0071C2C0 /* flxtrTests.swift in Sources */ = {isa = PBXBuildFile; fileRef = 6EACD1D7238F80AB0071C2C0 /* flxtrTests.swift */; };
		6EACD1E3238F80AB0071C2C0 /* flxtrUITests.swift in Sources */ = {isa = PBXBuildFile; fileRef = 6EACD1E2238F80AB0071C2C0 /* flxtrUITests.swift */; };
/* End PBXBuildFile section */

/* Begin PBXContainerItemProxy section */
		6EACD1D4238F80AB0071C2C0 /* PBXContainerItemProxy */ = {
			isa = PBXContainerItemProxy;
			containerPortal = 6EACD1B5238F80A90071C2C0 /* Project object */;
			proxyType = 1;
			remoteGlobalIDString = 6EACD1BC238F80A90071C2C0;
			remoteInfo = flxtr;
		};
		6EACD1DF238F80AB0071C2C0 /* PBXContainerItemProxy */ = {
			isa = PBXContainerItemProxy;
			containerPortal = 6EACD1B5238F80A90071C2C0 /* Project object */;
			proxyType = 1;
			remoteGlobalIDString = 6EACD1BC238F80A90071C2C0;
			remoteInfo = flxtr;
		};
/* End PBXContainerItemProxy section */

/* Begin PBXFileReference section */
		6EACD1BD238F80A90071C2C0 /* flxtr.app */ = {isa = PBXFileReference; explicitFileType = wrapper.application; includeInIndex = 0; path = flxtr.app; sourceTree = BUILT_PRODUCTS_DIR; };
		6EACD1C0238F80A90071C2C0 /* AppDelegate.swift */ = {isa = PBXFileReference; lastKnownFileType = sourcecode.swift; path = AppDelegate.swift; sourceTree = "<group>"; };
		6EACD1C2238F80A90071C2C0 /* SceneDelegate.swift */ = {isa = PBXFileReference; lastKnownFileType = sourcecode.swift; path = SceneDelegate.swift; sourceTree = "<group>"; };
		6EACD1C4238F80A90071C2C0 /* ViewController.swift */ = {isa = PBXFileReference; lastKnownFileType = sourcecode.swift; path = ViewController.swift; sourceTree = "<group>"; };
		6EACD1C7238F80A90071C2C0 /* Base */ = {isa = PBXFileReference; lastKnownFileType = file.storyboard; name = Base; path = Base.lproj/Main.storyboard; sourceTree = "<group>"; };
		6EACD1C9238F80AB0071C2C0 /* Assets.xcassets */ = {isa = PBXFileReference; lastKnownFileType = folder.assetcatalog; path = Assets.xcassets; sourceTree = "<group>"; };
		6EACD1CC238F80AB0071C2C0 /* Base */ = {isa = PBXFileReference; lastKnownFileType = file.storyboard; name = Base; path = Base.lproj/LaunchScreen.storyboard; sourceTree = "<group>"; };
		6EACD1CE238F80AB0071C2C0 /* Info.plist */ = {isa = PBXFileReference; lastKnownFileType = text.plist.xml; path = Info.plist; sourceTree = "<group>"; };
		6EACD1D3238F80AB0071C2C0 /* flxtrTests.xctest */ = {isa = PBXFileReference; explicitFileType = wrapper.cfbundle; includeInIndex = 0; path = flxtrTests.xctest; sourceTree = BUILT_PRODUCTS_DIR; };
		6EACD1D7238F80AB0071C2C0 /* flxtrTests.swift */ = {isa = PBXFileReference; lastKnownFileType = sourcecode.swift; path = flxtrTests.swift; sourceTree = "<group>"; };
		6EACD1D9238F80AB0071C2C0 /* Info.plist */ = {isa = PBXFileReference; lastKnownFileType = text.plist.xml; path = Info.plist; sourceTree = "<group>"; };
		6EACD1DE238F80AB0071C2C0 /* flxtrUITests.xctest */ = {isa = PBXFileReference; explicitFileType = wrapper.cfbundle; includeInIndex = 0; path = flxtrUITests.xctest; sourceTree = BUILT_PRODUCTS_DIR; };
		6EACD1E2238F80AB0071C2C0 /* flxtrUITests.swift */ = {isa = PBXFileReference; lastKnownFileType = sourcecode.swift; path = flxtrUITests.swift; sourceTree = "<group>"; };
		6EACD1E4238F80AB0071C2C0 /* Info.plist */ = {isa = PBXFileReference; lastKnownFileType = text.plist.xml; path = Info.plist; sourceTree = "<group>"; };
/* End PBXFileReference section */

/* Begin PBXFrameworksBuildPhase section */
		6EACD1BA238F80A90071C2C0 /* Frameworks */ = {
			isa = PBXFrameworksBuildPhase;
			buildActionMask = 2147483647;
			files = (
			);
			runOnlyForDeploymentPostprocessing = 0;
		};
		6EACD1D0238F80AB0071C2C0 /* Frameworks */ = {
			isa = PBXFrameworksBuildPhase;
			buildActionMask = 2147483647;
			files = (
			);
			runOnlyForDeploymentPostprocessing = 0;
		};
		6EACD1DB238F80AB0071C2C0 /* Frameworks */ = {
			isa = PBXFrameworksBuildPhase;
			buildActionMask = 2147483647;
			files = (
			);
			runOnlyForDeploymentPostprocessing = 0;
		};
/* End PBXFrameworksBuildPhase section */

/* Begin PBXGroup section */
		6EACD1B4238F80A90071C2C0 = {
			isa = PBXGroup;
			children = (
				6EACD1BF238F80A90071C2C0 /* flxtr */,
				6EACD1D6238F80AB0071C2C0 /* flxtrTests */,
				6EACD1E1238F80AB0071C2C0 /* flxtrUITests */,
				6EACD1BE238F80A90071C2C0 /* Products */,
			);
			sourceTree = "<group>";
		};
		6EACD1BE238F80A90071C2C0 /* Products */ = {
			isa = PBXGroup;
			children = (
				6EACD1BD238F80A90071C2C0 /* flxtr.app */,
				6EACD1D3238F80AB0071C2C0 /* flxtrTests.xctest */,
				6EACD1DE238F80AB0071C2C0 /* flxtrUITests.xctest */,
			);
			name = Products;
			sourceTree = "<group>";
		};
		6EACD1BF238F80A90071C2C0 /* flxtr */ = {
			isa = PBXGroup;
			children = (
				6EACD1C0238F80A90071C2C0 /* AppDelegate.swift */,
				6EACD1C2238F80A90071C2C0 /* SceneDelegate.swift */,
				6EACD1C4238F80A90071C2C0 /* ViewController.swift */,
				6EACD1C6238F80A90071C2C0 /* Main.storyboard */,
				6EACD1C9238F80AB0071C2C0 /* Assets.xcassets */,
				6EACD1CB238F80AB0071C2C0 /* LaunchScreen.storyboard */,
				6EACD1CE238F80AB0071C2C0 /* Info.plist */,
			);
			path = flxtr;
			sourceTree = "<group>";
		};
		6EACD1D6238F80AB0071C2C0 /* flxtrTests */ = {
			isa = PBXGroup;
			children = (
				6EACD1D7238F80AB0071C2C0 /* flxtrTests.swift */,
				6EACD1D9238F80AB0071C2C0 /* Info.plist */,
			);
			path = flxtrTests;
			sourceTree = "<group>";
		};
		6EACD1E1238F80AB0071C2C0 /* flxtrUITests */ = {
			isa = PBXGroup;
			children = (
				6EACD1E2238F80AB0071C2C0 /* flxtrUITests.swift */,
				6EACD1E4238F80AB0071C2C0 /* Info.plist */,
			);
			path = flxtrUITests;
			sourceTree = "<group>";
		};
/* End PBXGroup section */

/* Begin PBXNativeTarget section */
		6EACD1BC238F80A90071C2C0 /* flxtr */ = {
			isa = PBXNativeTarget;
			buildConfigurationList = 6EACD1E7238F80AB0071C2C0 /* Build configuration list for PBXNativeTarget "flxtr" */;
			buildPhases = (
				6EACD1B9238F80A90071C2C0 /* Sources */,
				6EACD1BA238F80A90071C2C0 /* Frameworks */,
				6EACD1BB238F80A90071C2C0 /* Resources */,
			);
			buildRules = (
			);
			dependencies = (
			);
			name = flxtr;
			productName = flxtr;
			productReference = 6EACD1BD238F80A90071C2C0 /* flxtr.app */;
			productType = "com.apple.product-type.application";
		};
		6EACD1D2238F80AB0071C2C0 /* flxtrTests */ = {
			isa = PBXNativeTarget;
			buildConfigurationList = 6EACD1EA238F80AB0071C2C0 /* Build configuration list for PBXNativeTarget "flxtrTests" */;
			buildPhases = (
				6EACD1CF238F80AB0071C2C0 /* Sources */,
				6EACD1D0238F80AB0071C2C0 /* Frameworks */,
				6EACD1D1238F80AB0071C2C0 /* Resources */,
			);
			buildRules = (
			);
			dependencies = (
				6EACD1D5238F80AB0071C2C0 /* PBXTargetDependency */,
			);
			name = flxtrTests;
			productName = flxtrTests;
			productReference = 6EACD1D3238F80AB0071C2C0 /* flxtrTests.xctest */;
			productType = "com.apple.product-type.bundle.unit-test";
		};
		6EACD1DD238F80AB0071C2C0 /* flxtrUITests */ = {
			isa = PBXNativeTarget;
			buildConfigurationList = 6EACD1ED238F80AB0071C2C0 /* Build configuration list for PBXNativeTarget "flxtrUITests" */;
			buildPhases = (
				6EACD1DA238F80AB0071C2C0 /* Sources */,
				6EACD1DB238F80AB0071C2C0 /* Frameworks */,
				6EACD1DC238F80AB0071C2C0 /* Resources */,
			);
			buildRules = (
			);
			dependencies = (
				6EACD1E0238F80AB0071C2C0 /* PBXTargetDependency */,
			);
			name = flxtrUITests;
			productName = flxtrUITests;
			productReference = 6EACD1DE238F80AB0071C2C0 /* flxtrUITests.xctest */;
			productType = "com.apple.product-type.bundle.ui-testing";
		};
/* End PBXNativeTarget section */

/* Begin PBXProject section */
		6EACD1B5238F80A90071C2C0 /* Project object */ = {
			isa = PBXProject;
			attributes = {
				LastSwiftUpdateCheck = 1120;
				LastUpgradeCheck = 1120;
				ORGANIZATIONNAME = Daniel;
				TargetAttributes = {
					6EACD1BC238F80A90071C2C0 = {
						CreatedOnToolsVersion = 11.2.1;
					};
					6EACD1D2238F80AB0071C2C0 = {
						CreatedOnToolsVersion = 11.2.1;
						TestTargetID = 6EACD1BC238F80A90071C2C0;
					};
					6EACD1DD238F80AB0071C2C0 = {
						CreatedOnToolsVersion = 11.2.1;
						TestTargetID = 6EACD1BC238F80A90071C2C0;
					};
				};
			};
			buildConfigurationList = 6EACD1B8238F80A90071C2C0 /* Build configuration list for PBXProject "flxtr" */;
			compatibilityVersion = "Xcode 9.3";
			developmentRegion = en;
			hasScannedForEncodings = 0;
			knownRegions = (
				en,
				Base,
			);
			mainGroup = 6EACD1B4238F80A90071C2C0;
			productRefGroup = 6EACD1BE238F80A90071C2C0 /* Products */;
			projectDirPath = "";
			projectRoot = "";
			targets = (
				6EACD1BC238F80A90071C2C0 /* flxtr */,
				6EACD1D2238F80AB0071C2C0 /* flxtrTests */,
				6EACD1DD238F80AB0071C2C0 /* flxtrUITests */,
			);
		};
/* End PBXProject section */

/* Begin PBXResourcesBuildPhase section */
		6EACD1BB238F80A90071C2C0 /* Resources */ = {
			isa = PBXResourcesBuildPhase;
			buildActionMask = 2147483647;
			files = (
				6EACD1CD238F80AB0071C2C0 /* LaunchScreen.storyboard in Resources */,
				6EACD1CA238F80AB0071C2C0 /* Assets.xcassets in Resources */,
				6EACD1C8238F80A90071C2C0 /* Main.storyboard in Resources */,
			);
			runOnlyForDeploymentPostprocessing = 0;
		};
		6EACD1D1238F80AB0071C2C0 /* Resources */ = {
			isa = PBXResourcesBuildPhase;
			buildActionMask = 2147483647;
			files = (
			);
			runOnlyForDeploymentPostprocessing = 0;
		};
		6EACD1DC238F80AB0071C2C0 /* Resources */ = {
			isa = PBXResourcesBuildPhase;
			buildActionMask = 2147483647;
			files = (
			);
			runOnlyForDeploymentPostprocessing = 0;
		};
/* End PBXResourcesBuildPhase section */

/* Begin PBXSourcesBuildPhase section */
		6EACD1B9238F80A90071C2C0 /* Sources */ = {
			isa = PBXSourcesBuildPhase;
			buildActionMask = 2147483647;
			files = (
				6EACD1C5238F80A90071C2C0 /* ViewController.swift in Sources */,
				6EACD1C1238F80A90071C2C0 /* AppDelegate.swift in Sources */,
				6EACD1C3238F80A90071C2C0 /* SceneDelegate.swift in Sources */,
			);
			runOnlyForDeploymentPostprocessing = 0;
		};
		6EACD1CF238F80AB0071C2C0 /* Sources */ = {
			isa = PBXSourcesBuildPhase;
			buildActionMask = 2147483647;
			files = (
				6EACD1D8238F80AB0071C2C0 /* flxtrTests.swift in Sources */,
			);
			runOnlyForDeploymentPostprocessing = 0;
		};
		6EACD1DA238F80AB0071C2C0 /* Sources */ = {
			isa = PBXSourcesBuildPhase;
			buildActionMask = 2147483647;
			files = (
				6EACD1E3238F80AB0071C2C0 /* flxtrUITests.swift in Sources */,
			);
			runOnlyForDeploymentPostprocessing = 0;
		};
/* End PBXSourcesBuildPhase section */

/* Begin PBXTargetDependency section */
		6EACD1D5238F80AB0071C2C0 /* PBXTargetDependency */ = {
			isa = PBXTargetDependency;
			target = 6EACD1BC238F80A90071C2C0 /* flxtr */;
			targetProxy = 6EACD1D4238F80AB0071C2C0 /* PBXContainerItemProxy */;
		};
		6EACD1E0238F80AB0071C2C0 /* PBXTargetDependency */ = {
			isa = PBXTargetDependency;
			target = 6EACD1BC238F80A90071C2C0 /* flxtr */;
			targetProxy = 6EACD1DF238F80AB0071C2C0 /* PBXContainerItemProxy */;
		};
/* End PBXTargetDependency section */

/* Begin PBXVariantGroup section */
		6EACD1C6238F80A90071C2C0 /* Main.storyboard */ = {
			isa = PBXVariantGroup;
			children = (
				6EACD1C7238F80A90071C2C0 /* Base */,
			);
			name = Main.storyboard;
			sourceTree = "<group>";
		};
		6EACD1CB238F80AB0071C2C0 /* LaunchScreen.storyboard */ = {
			isa = PBXVariantGroup;
			children = (
				6EACD1CC238F80AB0071C2C0 /* Base */,
			);
			name = LaunchScreen.storyboard;
			sourceTree = "<group>";
		};
/* End PBXVariantGroup section */

/* Begin XCBuildConfiguration section */
		6EACD1E5238F80AB0071C2C0 /* Debug */ = {
			isa = XCBuildConfiguration;
			buildSettings = {
				ALWAYS_SEARCH_USER_PATHS = NO;
				CLANG_ANALYZER_NONNULL = YES;
				CLANG_ANALYZER_NUMBER_OBJECT_CONVERSION = YES_AGGRESSIVE;
				CLANG_CXX_LANGUAGE_STANDARD = "gnu++14";
				CLANG_CXX_LIBRARY = "libc++";
				CLANG_ENABLE_MODULES = YES;
				CLANG_ENABLE_OBJC_ARC = YES;
				CLANG_ENABLE_OBJC_WEAK = YES;
				CLANG_WARN_BLOCK_CAPTURE_AUTORELEASING = YES;
				CLANG_WARN_BOOL_CONVERSION = YES;
				CLANG_WARN_COMMA = YES;
				CLANG_WARN_CONSTANT_CONVERSION = YES;
				CLANG_WARN_DEPRECATED_OBJC_IMPLEMENTATIONS = YES;
				CLANG_WARN_DIRECT_OBJC_ISA_USAGE = YES_ERROR;
				CLANG_WARN_DOCUMENTATION_COMMENTS = YES;
				CLANG_WARN_EMPTY_BODY = YES;
				CLANG_WARN_ENUM_CONVERSION = YES;
				CLANG_WARN_INFINITE_RECURSION = YES;
				CLANG_WARN_INT_CONVERSION = YES;
				CLANG_WARN_NON_LITERAL_NULL_CONVERSION = YES;
				CLANG_WARN_OBJC_IMPLICIT_RETAIN_SELF = YES;
				CLANG_WARN_OBJC_LITERAL_CONVERSION = YES;
				CLANG_WARN_OBJC_ROOT_CLASS = YES_ERROR;
				CLANG_WARN_RANGE_LOOP_ANALYSIS = YES;
				CLANG_WARN_STRICT_PROTOTYPES = YES;
				CLANG_WARN_SUSPICIOUS_MOVE = YES;
				CLANG_WARN_UNGUARDED_AVAILABILITY = YES_AGGRESSIVE;
				CLANG_WARN_UNREACHABLE_CODE = YES;
				CLANG_WARN__DUPLICATE_METHOD_MATCH = YES;
				COPY_PHASE_STRIP = NO;
				DEBUG_INFORMATION_FORMAT = dwarf;
				ENABLE_STRICT_OBJC_MSGSEND = YES;
				ENABLE_TESTABILITY = YES;
				GCC_C_LANGUAGE_STANDARD = gnu11;
				GCC_DYNAMIC_NO_PIC = NO;
				GCC_NO_COMMON_BLOCKS = YES;
				GCC_OPTIMIZATION_LEVEL = 0;
				GCC_PREPROCESSOR_DEFINITIONS = (
					"DEBUG=1",
					"$(inherited)",
				);
				GCC_WARN_64_TO_32_BIT_CONVERSION = YES;
				GCC_WARN_ABOUT_RETURN_TYPE = YES_ERROR;
				GCC_WARN_UNDECLARED_SELECTOR = YES;
				GCC_WARN_UNINITIALIZED_AUTOS = YES_AGGRESSIVE;
				GCC_WARN_UNUSED_FUNCTION = YES;
				GCC_WARN_UNUSED_VARIABLE = YES;
				IPHONEOS_DEPLOYMENT_TARGET = 13.2;
				MTL_ENABLE_DEBUG_INFO = INCLUDE_SOURCE;
				MTL_FAST_MATH = YES;
				ONLY_ACTIVE_ARCH = YES;
				SDKROOT = iphoneos;
				SWIFT_ACTIVE_COMPILATION_CONDITIONS = DEBUG;
				SWIFT_OPTIMIZATION_LEVEL = "-Onone";
			};
			name = Debug;
		};
		6EACD1E6238F80AB0071C2C0 /* Release */ = {
			isa = XCBuildConfiguration;
			buildSettings = {
				ALWAYS_SEARCH_USER_PATHS = NO;
				CLANG_ANALYZER_NONNULL = YES;
				CLANG_ANALYZER_NUMBER_OBJECT_CONVERSION = YES_AGGRESSIVE;
				CLANG_CXX_LANGUAGE_STANDARD = "gnu++14";
				CLANG_CXX_LIBRARY = "libc++";
				CLANG_ENABLE_MODULES = YES;
				CLANG_ENABLE_OBJC_ARC = YES;
				CLANG_ENABLE_OBJC_WEAK = YES;
				CLANG_WARN_BLOCK_CAPTURE_AUTORELEASING = YES;
				CLANG_WARN_BOOL_CONVERSION = YES;
				CLANG_WARN_COMMA = YES;
				CLANG_WARN_CONSTANT_CONVERSION = YES;
				CLANG_WARN_DEPRECATED_OBJC_IMPLEMENTATIONS = YES;
				CLANG_WARN_DIRECT_OBJC_ISA_USAGE = YES_ERROR;
				CLANG_WARN_DOCUMENTATION_COMMENTS = YES;
				CLANG_WARN_EMPTY_BODY = YES;
				CLANG_WARN_ENUM_CONVERSION = YES;
				CLANG_WARN_INFINITE_RECURSION = YES;
				CLANG_WARN_INT_CONVERSION = YES;
				CLANG_WARN_NON_LITERAL_NULL_CONVERSION = YES;
				CLANG_WARN_OBJC_IMPLICIT_RETAIN_SELF = YES;
				CLANG_WARN_OBJC_LITERAL_CONVERSION = YES;
				CLANG_WARN_OBJC_ROOT_CLASS = YES_ERROR;
				CLANG_WARN_RANGE_LOOP_ANALYSIS = YES;
				CLANG_WARN_STRICT_PROTOTYPES = YES;
				CLANG_WARN_SUSPICIOUS_MOVE = YES;
				CLANG_WARN_UNGUARDED_AVAILABILITY = YES_AGGRESSIVE;
				CLANG_WARN_UNREACHABLE_CODE = YES;
				CLANG_WARN__DUPLICATE_METHOD_MATCH = YES;
				COPY_PHASE_STRIP = NO;
				DEBUG_INFORMATION_FORMAT = "dwarf-with-dsym";
				ENABLE_NS_ASSERTIONS = NO;
				ENABLE_STRICT_OBJC_MSGSEND = YES;
				GCC_C_LANGUAGE_STANDARD = gnu11;
				GCC_NO_COMMON_BLOCKS = YES;
				GCC_WARN_64_TO_32_BIT_CONVERSION = YES;
				GCC_WARN_ABOUT_RETURN_TYPE = YES_ERROR;
				GCC_WARN_UNDECLARED_SELECTOR = YES;
				GCC_WARN_UNINITIALIZED_AUTOS = YES_AGGRESSIVE;
				GCC_WARN_UNUSED_FUNCTION = YES;
				GCC_WARN_UNUSED_VARIABLE = YES;
				IPHONEOS_DEPLOYMENT_TARGET = 13.2;
				MTL_ENABLE_DEBUG_INFO = NO;
				MTL_FAST_MATH = YES;
				SDKROOT = iphoneos;
				SWIFT_COMPILATION_MODE = wholemodule;
				SWIFT_OPTIMIZATION_LEVEL = "-O";
				VALIDATE_PRODUCT = YES;
			};
			name = Release;
		};
		6EACD1E8238F80AB0071C2C0 /* Debug */ = {
			isa = XCBuildConfiguration;
			buildSettings = {
				ASSETCATALOG_COMPILER_APPICON_NAME = AppIcon;
				CODE_SIGN_STYLE = Automatic;
				INFOPLIST_FILE = flxtr/Info.plist;
				LD_RUNPATH_SEARCH_PATHS = (
					"$(inherited)",
					"@executable_path/Frameworks",
				);
				PRODUCT_BUNDLE_IDENTIFIER = dnlf.flxtr;
				PRODUCT_NAME = "$(TARGET_NAME)";
				SWIFT_VERSION = 5.0;
				TARGETED_DEVICE_FAMILY = "1,2";
			};
			name = Debug;
		};
		6EACD1E9238F80AB0071C2C0 /* Release */ = {
			isa = XCBuildConfiguration;
			buildSettings = {
				ASSETCATALOG_COMPILER_APPICON_NAME = AppIcon;
				CODE_SIGN_STYLE = Automatic;
				INFOPLIST_FILE = flxtr/Info.plist;
				LD_RUNPATH_SEARCH_PATHS = (
					"$(inherited)",
					"@executable_path/Frameworks",
				);
				PRODUCT_BUNDLE_IDENTIFIER = dnlf.flxtr;
				PRODUCT_NAME = "$(TARGET_NAME)";
				SWIFT_VERSION = 5.0;
				TARGETED_DEVICE_FAMILY = "1,2";
			};
			name = Release;
		};
		6EACD1EB238F80AB0071C2C0 /* Debug */ = {
			isa = XCBuildConfiguration;
			buildSettings = {
				ALWAYS_EMBED_SWIFT_STANDARD_LIBRARIES = YES;
				BUNDLE_LOADER = "$(TEST_HOST)";
				CODE_SIGN_STYLE = Automatic;
				INFOPLIST_FILE = flxtrTests/Info.plist;
				IPHONEOS_DEPLOYMENT_TARGET = 13.2;
				LD_RUNPATH_SEARCH_PATHS = (
					"$(inherited)",
					"@executable_path/Frameworks",
					"@loader_path/Frameworks",
				);
				PRODUCT_BUNDLE_IDENTIFIER = dnlf.flxtrTests;
				PRODUCT_NAME = "$(TARGET_NAME)";
				SWIFT_VERSION = 5.0;
				TARGETED_DEVICE_FAMILY = "1,2";
				TEST_HOST = "$(BUILT_PRODUCTS_DIR)/flxtr.app/flxtr";
			};
			name = Debug;
		};
		6EACD1EC238F80AB0071C2C0 /* Release */ = {
			isa = XCBuildConfiguration;
			buildSettings = {
				ALWAYS_EMBED_SWIFT_STANDARD_LIBRARIES = YES;
				BUNDLE_LOADER = "$(TEST_HOST)";
				CODE_SIGN_STYLE = Automatic;
				INFOPLIST_FILE = flxtrTests/Info.plist;
				IPHONEOS_DEPLOYMENT_TARGET = 13.2;
				LD_RUNPATH_SEARCH_PATHS = (
					"$(inherited)",
					"@executable_path/Frameworks",
					"@loader_path/Frameworks",
				);
				PRODUCT_BUNDLE_IDENTIFIER = dnlf.flxtrTests;
				PRODUCT_NAME = "$(TARGET_NAME)";
				SWIFT_VERSION = 5.0;
				TARGETED_DEVICE_FAMILY = "1,2";
				TEST_HOST = "$(BUILT_PRODUCTS_DIR)/flxtr.app/flxtr";
			};
			name = Release;
		};
		6EACD1EE238F80AB0071C2C0 /* Debug */ = {
			isa = XCBuildConfiguration;
			buildSettings = {
				ALWAYS_EMBED_SWIFT_STANDARD_LIBRARIES = YES;
				CODE_SIGN_STYLE = Automatic;
				INFOPLIST_FILE = flxtrUITests/Info.plist;
				LD_RUNPATH_SEARCH_PATHS = (
					"$(inherited)",
					"@executable_path/Frameworks",
					"@loader_path/Frameworks",
				);
				PRODUCT_BUNDLE_IDENTIFIER = dnlf.flxtrUITests;
				PRODUCT_NAME = "$(TARGET_NAME)";
				SWIFT_VERSION = 5.0;
				TARGETED_DEVICE_FAMILY = "1,2";
				TEST_TARGET_NAME = flxtr;
			};
			name = Debug;
		};
		6EACD1EF238F80AB0071C2C0 /* Release */ = {
			isa = XCBuildConfiguration;
			buildSettings = {
				ALWAYS_EMBED_SWIFT_STANDARD_LIBRARIES = YES;
				CODE_SIGN_STYLE = Automatic;
				INFOPLIST_FILE = flxtrUITests/Info.plist;
				LD_RUNPATH_SEARCH_PATHS = (
					"$(inherited)",
					"@executable_path/Frameworks",
					"@loader_path/Frameworks",
				);
				PRODUCT_BUNDLE_IDENTIFIER = dnlf.flxtrUITests;
				PRODUCT_NAME = "$(TARGET_NAME)";
				SWIFT_VERSION = 5.0;
				TARGETED_DEVICE_FAMILY = "1,2";
				TEST_TARGET_NAME = flxtr;
			};
			name = Release;
		};
/* End XCBuildConfiguration section */

/* Begin XCConfigurationList section */
		6EACD1B8238F80A90071C2C0 /* Build configuration list for PBXProject "flxtr" */ = {
			isa = XCConfigurationList;
			buildConfigurations = (
				6EACD1E5238F80AB0071C2C0 /* Debug */,
				6EACD1E6238F80AB0071C2C0 /* Release */,
			);
			defaultConfigurationIsVisible = 0;
			defaultConfigurationName = Release;
		};
		6EACD1E7238F80AB0071C2C0 /* Build configuration list for PBXNativeTarget "flxtr" */ = {
			isa = XCConfigurationList;
			buildConfigurations = (
				6EACD1E8238F80AB0071C2C0 /* Debug */,
				6EACD1E9238F80AB0071C2C0 /* Release */,
			);
			defaultConfigurationIsVisible = 0;
			defaultConfigurationName = Release;
		};
		6EACD1EA238F80AB0071C2C0 /* Build configuration list for PBXNativeTarget "flxtrTests" */ = {
			isa = XCConfigurationList;
			buildConfigurations = (
				6EACD1EB238F80AB0071C2C0 /* Debug */,
				6EACD1EC238F80AB0071C2C0 /* Release */,
			);
			defaultConfigurationIsVisible = 0;
			defaultConfigurationName = Release;
		};
		6EACD1ED238F80AB0071C2C0 /* Build configuration list for PBXNativeTarget "flxtrUITests" */ = {
			isa = XCConfigurationList;
			buildConfigurations = (
				6EACD1EE238F80AB0071C2C0 /* Debug */,
				6EACD1EF238F80AB0071C2C0 /* Release */,
			);
			defaultConfigurationIsVisible = 0;
			defaultConfigurationName = Release;
		};
/* End XCConfigurationList section */
	};
	rootObject = 6EACD1B5238F80A90071C2C0 /* Project object */;
}
